{
	"name": "flambe-core",
	"version": "0.1.9",
	"lockfileVersion": 1,
	"requires": true,
	"dependencies": {
		"@babel/polyfill": {
			"version": "7.0.0-beta.51",
			"resolved": "https://registry.npmjs.org/@babel/polyfill/-/polyfill-7.0.0-beta.51.tgz",
			"integrity": "sha1-+IChaCVXFync7rdqm750wGMh51Y=",
			"requires": {
				"core-js": "^2.5.7",
				"regenerator-runtime": "^0.11.1"
			}
		},
		"asap": {
			"version": "2.0.6",
			"resolved": "https://registry.npmjs.org/asap/-/asap-2.0.6.tgz",
			"integrity": "sha1-5QNHYR1+aQlDIIu9r+vLwvuGbUY="
		},
		"balanced-match": {
			"version": "1.0.0",
			"resolved": "https://registry.npmjs.org/balanced-match/-/balanced-match-1.0.0.tgz",
			"integrity": "sha1-ibTRmasr7kneFk6gK4nORi1xt2c="
		},
		"bowser": {
			"version": "1.9.4",
			"resolved": "https://registry.npmjs.org/bowser/-/bowser-1.9.4.tgz",
			"integrity": "sha512-9IdMmj2KjigRq6oWhmwv1W36pDuA4STQZ8q6YO9um+x07xgYNCD3Oou+WP/3L1HNz7iqythGet3/p4wvc8AAwQ=="
		},
		"brace-expansion": {
			"version": "1.1.11",
			"resolved": "https://registry.npmjs.org/brace-expansion/-/brace-expansion-1.1.11.tgz",
			"integrity": "sha512-iCuPHDFgrHX7H2vEI/5xpz07zSHB00TpugqhmYtVmMO6518mCuRMoOYFldEBl0g187ufozdaHgWKcYFb61qGiA==",
			"requires": {
				"balanced-match": "^1.0.0",
				"concat-map": "0.0.1"
			}
		},
		"change-emitter": {
			"version": "0.1.6",
			"resolved": "https://registry.npmjs.org/change-emitter/-/change-emitter-0.1.6.tgz",
			"integrity": "sha1-6LL+PX8at9aaMhma/5HqaTFAlRU="
		},
		"classnames": {
			"version": "2.2.6",
			"resolved": "https://registry.npmjs.org/classnames/-/classnames-2.2.6.tgz",
			"integrity": "sha512-JR/iSQOSt+LQIWwrwEzJ9uk0xfN3mTVYMwt1Ir5mUcSN6pU+V4zQFFaJsclJbPuAUQH+yfWef6tm7l1quW3C8Q=="
		},
		"commander": {
			"version": "2.17.1",
			"resolved": "https://registry.npmjs.org/commander/-/commander-2.17.1.tgz",
			"integrity": "sha512-wPMUt6FnH2yzG95SA6mzjQOEKUU3aLaDEmzs1ti+1E9h+CsrZghRlqEM/EJ4KscsQVG8uNN4uVreUeT8+drlgg=="
		},
		"concat-map": {
			"version": "0.0.1",
			"resolved": "https://registry.npmjs.org/concat-map/-/concat-map-0.0.1.tgz",
			"integrity": "sha1-2Klr13/Wjfd5OnMDajug1UBdR3s="
		},
		"core-js": {
			"version": "2.5.7",
			"resolved": "https://registry.npmjs.org/core-js/-/core-js-2.5.7.tgz",
			"integrity": "sha512-RszJCAxg/PP6uzXVXL6BsxSXx/B05oJAQ2vkJRjyjrEcNVycaqOmNb5OTxZPE3xa5gwZduqza6L9JOCenh/Ecw=="
		},
		"css-in-js-utils": {
			"version": "2.0.1",
			"resolved": "https://registry.npmjs.org/css-in-js-utils/-/css-in-js-utils-2.0.1.tgz",
			"integrity": "sha512-PJF0SpJT+WdbVVt0AOYp9C8GnuruRlL/UFW7932nLWmFLQTaWEzTBQEx7/hn4BuV+WON75iAViSUJLiU3PKbpA==",
			"requires": {
				"hyphenate-style-name": "^1.0.2",
				"isobject": "^3.0.1"
			}
		},
		"d3": {
			"version": "5.7.0",
			"resolved": "https://registry.npmjs.org/d3/-/d3-5.7.0.tgz",
			"integrity": "sha512-8KEIfx+dFm8PlbJN9PI0suazrZ41QcaAufsKE9PRcqYPWLngHIyWJZX96n6IQKePGgeSu0l7rtlueSSNq8Zc3g==",
			"requires": {
				"d3-array": "1",
				"d3-axis": "1",
				"d3-brush": "1",
				"d3-chord": "1",
				"d3-collection": "1",
				"d3-color": "1",
				"d3-contour": "1",
				"d3-dispatch": "1",
				"d3-drag": "1",
				"d3-dsv": "1",
				"d3-ease": "1",
				"d3-fetch": "1",
				"d3-force": "1",
				"d3-format": "1",
				"d3-geo": "1",
				"d3-hierarchy": "1",
				"d3-interpolate": "1",
				"d3-path": "1",
				"d3-polygon": "1",
				"d3-quadtree": "1",
				"d3-random": "1",
				"d3-scale": "2",
				"d3-scale-chromatic": "1",
				"d3-selection": "1",
				"d3-shape": "1",
				"d3-time": "1",
				"d3-time-format": "2",
				"d3-timer": "1",
				"d3-transition": "1",
				"d3-voronoi": "1",
				"d3-zoom": "1"
			}
		},
		"d3-array": {
			"version": "1.2.4",
			"resolved": "https://registry.npmjs.org/d3-array/-/d3-array-1.2.4.tgz",
			"integrity": "sha512-KHW6M86R+FUPYGb3R5XiYjXPq7VzwxZ22buHhAEVG5ztoEcZZMLov530mmccaqA1GghZArjQV46fuc8kUqhhHw=="
		},
		"d3-axis": {
			"version": "1.0.12",
			"resolved": "https://registry.npmjs.org/d3-axis/-/d3-axis-1.0.12.tgz",
			"integrity": "sha512-ejINPfPSNdGFKEOAtnBtdkpr24c4d4jsei6Lg98mxf424ivoDP2956/5HDpIAtmHo85lqT4pruy+zEgvRUBqaQ=="
		},
		"d3-brush": {
			"version": "1.0.6",
			"resolved": "https://registry.npmjs.org/d3-brush/-/d3-brush-1.0.6.tgz",
			"integrity": "sha512-lGSiF5SoSqO5/mYGD5FAeGKKS62JdA1EV7HPrU2b5rTX4qEJJtpjaGLJngjnkewQy7UnGstnFd3168wpf5z76w==",
			"requires": {
				"d3-dispatch": "1",
				"d3-drag": "1",
				"d3-interpolate": "1",
				"d3-selection": "1",
				"d3-transition": "1"
			}
		},
		"d3-chord": {
			"version": "1.0.6",
			"resolved": "https://registry.npmjs.org/d3-chord/-/d3-chord-1.0.6.tgz",
			"integrity": "sha512-JXA2Dro1Fxw9rJe33Uv+Ckr5IrAa74TlfDEhE/jfLOaXegMQFQTAgAw9WnZL8+HxVBRXaRGCkrNU7pJeylRIuA==",
			"requires": {
				"d3-array": "1",
				"d3-path": "1"
			}
		},
		"d3-collection": {
			"version": "1.0.7",
			"resolved": "https://registry.npmjs.org/d3-collection/-/d3-collection-1.0.7.tgz",
			"integrity": "sha512-ii0/r5f4sjKNTfh84Di+DpztYwqKhEyUlKoPrzUFfeSkWxjW49xU2QzO9qrPrNkpdI0XJkfzvmTu8V2Zylln6A=="
		},
		"d3-color": {
			"version": "1.2.3",
			"resolved": "https://registry.npmjs.org/d3-color/-/d3-color-1.2.3.tgz",
			"integrity": "sha512-x37qq3ChOTLd26hnps36lexMRhNXEtVxZ4B25rL0DVdDsGQIJGB18S7y9XDwlDD6MD/ZBzITCf4JjGMM10TZkw=="
		},
		"d3-contour": {
			"version": "1.3.2",
			"resolved": "https://registry.npmjs.org/d3-contour/-/d3-contour-1.3.2.tgz",
			"integrity": "sha512-hoPp4K/rJCu0ladiH6zmJUEz6+u3lgR+GSm/QdM2BBvDraU39Vr7YdDCicJcxP1z8i9B/2dJLgDC1NcvlF8WCg==",
			"requires": {
				"d3-array": "^1.1.1"
			}
		},
		"d3-dispatch": {
			"version": "1.0.5",
			"resolved": "https://registry.npmjs.org/d3-dispatch/-/d3-dispatch-1.0.5.tgz",
			"integrity": "sha512-vwKx+lAqB1UuCeklr6Jh1bvC4SZgbSqbkGBLClItFBIYH4vqDJCA7qfoy14lXmJdnBOdxndAMxjCbImJYW7e6g=="
		},
		"d3-drag": {
			"version": "1.2.3",
			"resolved": "https://registry.npmjs.org/d3-drag/-/d3-drag-1.2.3.tgz",
			"integrity": "sha512-8S3HWCAg+ilzjJsNtWW1Mutl74Nmzhb9yU6igspilaJzeZVFktmY6oO9xOh5TDk+BM2KrNFjttZNoJJmDnkjkg==",
			"requires": {
				"d3-dispatch": "1",
				"d3-selection": "1"
			}
		},
		"d3-dsv": {
			"version": "1.0.10",
			"resolved": "https://registry.npmjs.org/d3-dsv/-/d3-dsv-1.0.10.tgz",
			"integrity": "sha512-vqklfpxmtO2ZER3fq/B33R/BIz3A1PV0FaZRuFM8w6jLo7sUX1BZDh73fPlr0s327rzq4H6EN1q9U+eCBCSN8g==",
			"requires": {
				"commander": "2",
				"iconv-lite": "0.4",
				"rw": "1"
			}
		},
		"d3-ease": {
			"version": "1.0.5",
			"resolved": "https://registry.npmjs.org/d3-ease/-/d3-ease-1.0.5.tgz",
			"integrity": "sha512-Ct1O//ly5y5lFM9YTdu+ygq7LleSgSE4oj7vUt9tPLHUi8VCV7QoizGpdWRWAwCO9LdYzIrQDg97+hGVdsSGPQ=="
		},
		"d3-fetch": {
			"version": "1.1.2",
			"resolved": "https://registry.npmjs.org/d3-fetch/-/d3-fetch-1.1.2.tgz",
			"integrity": "sha512-S2loaQCV/ZeyTyIF2oP8D1K9Z4QizUzW7cWeAOAS4U88qOt3Ucf6GsmgthuYSdyB2HyEm4CeGvkQxWsmInsIVA==",
			"requires": {
				"d3-dsv": "1"
			}
		},
		"d3-force": {
			"version": "1.1.2",
			"resolved": "https://registry.npmjs.org/d3-force/-/d3-force-1.1.2.tgz",
			"integrity": "sha512-p1vcHAUF1qH7yR+e8ip7Bs61AHjLeKkIn8Z2gzwU2lwEf2wkSpWdjXG0axudTHsVFnYGlMkFaEsVy2l8tAg1Gw==",
			"requires": {
				"d3-collection": "1",
				"d3-dispatch": "1",
				"d3-quadtree": "1",
				"d3-timer": "1"
			}
		},
		"d3-format": {
			"version": "1.3.2",
			"resolved": "https://registry.npmjs.org/d3-format/-/d3-format-1.3.2.tgz",
			"integrity": "sha512-Z18Dprj96ExragQ0DeGi+SYPQ7pPfRMtUXtsg/ChVIKNBCzjO8XYJvRTC1usblx52lqge56V5ect+frYTQc8WQ=="
		},
		"d3-geo": {
			"version": "1.11.1",
			"resolved": "https://registry.npmjs.org/d3-geo/-/d3-geo-1.11.1.tgz",
			"integrity": "sha512-GsG7x9G9sykseLviOVSJ3h5yjw0ItLopOtuDQKUt1TRklEegCw5WAmnIpYYiCkSH/QgUMleAeE2xZK38Qb+1+Q==",
			"requires": {
				"d3-array": "1"
			}
		},
		"d3-hierarchy": {
			"version": "1.1.8",
			"resolved": "https://registry.npmjs.org/d3-hierarchy/-/d3-hierarchy-1.1.8.tgz",
			"integrity": "sha512-L+GHMSZNwTpiq4rt9GEsNcpLa4M96lXMR8M/nMG9p5hBE0jy6C+3hWtyZMenPQdwla249iJy7Nx0uKt3n+u9+w=="
		},
		"d3-interpolate": {
			"version": "1.3.2",
			"resolved": "https://registry.npmjs.org/d3-interpolate/-/d3-interpolate-1.3.2.tgz",
			"integrity": "sha512-NlNKGopqaz9qM1PXh9gBF1KSCVh+jSFErrSlD/4hybwoNX/gt1d8CDbDW+3i+5UOHhjC6s6nMvRxcuoMVNgL2w==",
			"requires": {
				"d3-color": "1"
			}
		},
		"d3-path": {
			"version": "1.0.7",
			"resolved": "https://registry.npmjs.org/d3-path/-/d3-path-1.0.7.tgz",
			"integrity": "sha512-q0cW1RpvA5c5ma2rch62mX8AYaiLX0+bdaSM2wxSU9tXjU4DNvkx9qiUvjkuWCj3p22UO/hlPivujqMiR9PDzA=="
		},
		"d3-polygon": {
			"version": "1.0.5",
			"resolved": "https://registry.npmjs.org/d3-polygon/-/d3-polygon-1.0.5.tgz",
			"integrity": "sha512-RHhh1ZUJZfhgoqzWWuRhzQJvO7LavchhitSTHGu9oj6uuLFzYZVeBzaWTQ2qSO6bz2w55RMoOCf0MsLCDB6e0w=="
		},
		"d3-quadtree": {
			"version": "1.0.5",
			"resolved": "https://registry.npmjs.org/d3-quadtree/-/d3-quadtree-1.0.5.tgz",
			"integrity": "sha512-U2tjwDFbZ75JRAg8A+cqMvqPg1G3BE7UTJn3h8DHjY/pnsAfWdbJKgyfcy7zKjqGtLAmI0q8aDSeG1TVIKRaHQ=="
		},
		"d3-random": {
			"version": "1.1.2",
			"resolved": "https://registry.npmjs.org/d3-random/-/d3-random-1.1.2.tgz",
			"integrity": "sha512-6AK5BNpIFqP+cx/sreKzNjWbwZQCSUatxq+pPRmFIQaWuoD+NrbVWw7YWpHiXpCQ/NanKdtGDuB+VQcZDaEmYQ=="
		},
		"d3-scale": {
			"version": "2.1.2",
			"resolved": "https://registry.npmjs.org/d3-scale/-/d3-scale-2.1.2.tgz",
			"integrity": "sha512-bESpd64ylaKzCDzvULcmHKZTlzA/6DGSVwx7QSDj/EnX9cpSevsdiwdHFYI9ouo9tNBbV3v5xztHS2uFeOzh8Q==",
			"requires": {
				"d3-array": "^1.2.0",
				"d3-collection": "1",
				"d3-format": "1",
				"d3-interpolate": "1",
				"d3-time": "1",
				"d3-time-format": "2"
			}
		},
		"d3-scale-chromatic": {
			"version": "1.3.3",
			"resolved": "https://registry.npmjs.org/d3-scale-chromatic/-/d3-scale-chromatic-1.3.3.tgz",
			"integrity": "sha512-BWTipif1CimXcYfT02LKjAyItX5gKiwxuPRgr4xM58JwlLocWbjPLI7aMEjkcoOQXMkYsmNsvv3d2yl/OKuHHw==",
			"requires": {
				"d3-color": "1",
				"d3-interpolate": "1"
			}
		},
		"d3-selection": {
			"version": "1.3.2",
			"resolved": "https://registry.npmjs.org/d3-selection/-/d3-selection-1.3.2.tgz",
			"integrity": "sha512-OoXdv1nZ7h2aKMVg3kaUFbLLK5jXUFAMLD/Tu5JA96mjf8f2a9ZUESGY+C36t8R1WFeWk/e55hy54Ml2I62CRQ=="
		},
		"d3-shape": {
			"version": "1.2.2",
			"resolved": "https://registry.npmjs.org/d3-shape/-/d3-shape-1.2.2.tgz",
			"integrity": "sha512-hUGEozlKecFZ2bOSNt7ENex+4Tk9uc/m0TtTEHBvitCBxUNjhzm5hS2GrrVRD/ae4IylSmxGeqX5tWC2rASMlQ==",
			"requires": {
				"d3-path": "1"
			}
		},
		"d3-time": {
			"version": "1.0.10",
			"resolved": "https://registry.npmjs.org/d3-time/-/d3-time-1.0.10.tgz",
			"integrity": "sha512-hF+NTLCaJHF/JqHN5hE8HVGAXPStEq6/omumPE/SxyHVrR7/qQxusFDo0t0c/44+sCGHthC7yNGFZIEgju0P8g=="
		},
		"d3-time-format": {
			"version": "2.1.3",
			"resolved": "https://registry.npmjs.org/d3-time-format/-/d3-time-format-2.1.3.tgz",
			"integrity": "sha512-6k0a2rZryzGm5Ihx+aFMuO1GgelgIz+7HhB4PH4OEndD5q2zGn1mDfRdNrulspOfR6JXkb2sThhDK41CSK85QA==",
			"requires": {
				"d3-time": "1"
			}
		},
		"d3-timer": {
			"version": "1.0.9",
			"resolved": "https://registry.npmjs.org/d3-timer/-/d3-timer-1.0.9.tgz",
			"integrity": "sha512-rT34J5HnQUHhcLvhSB9GjCkN0Ddd5Y8nCwDBG2u6wQEeYxT/Lf51fTFFkldeib/sE/J0clIe0pnCfs6g/lRbyg=="
		},
		"d3-transition": {
			"version": "1.1.3",
			"resolved": "https://registry.npmjs.org/d3-transition/-/d3-transition-1.1.3.tgz",
			"integrity": "sha512-tEvo3qOXL6pZ1EzcXxFcPNxC/Ygivu5NoBY6mbzidATAeML86da+JfVIUzon3dNM6UX6zjDx+xbYDmMVtTSjuA==",
			"requires": {
				"d3-color": "1",
				"d3-dispatch": "1",
				"d3-ease": "1",
				"d3-interpolate": "1",
				"d3-selection": "^1.1.0",
				"d3-timer": "1"
			}
		},
		"d3-voronoi": {
			"version": "1.1.4",
			"resolved": "https://registry.npmjs.org/d3-voronoi/-/d3-voronoi-1.1.4.tgz",
			"integrity": "sha512-dArJ32hchFsrQ8uMiTBLq256MpnZjeuBtdHpaDlYuQyjU0CVzCJl/BVW+SkszaAeH95D/8gxqAhgx0ouAWAfRg=="
		},
		"d3-zoom": {
			"version": "1.7.3",
			"resolved": "https://registry.npmjs.org/d3-zoom/-/d3-zoom-1.7.3.tgz",
			"integrity": "sha512-xEBSwFx5Z9T3/VrwDkMt+mr0HCzv7XjpGURJ8lWmIC8wxe32L39eWHIasEe/e7Ox8MPU4p1hvH8PKN2olLzIBg==",
			"requires": {
				"d3-dispatch": "1",
				"d3-drag": "1",
				"d3-interpolate": "1",
				"d3-selection": "1",
				"d3-transition": "1"
			}
		},
		"dayjs": {
			"version": "1.6.10",
			"resolved": "https://registry.npmjs.org/dayjs/-/dayjs-1.6.10.tgz",
			"integrity": "sha512-Y4kGgxq1Or7uocVKk6BrhvhbLZC3Sbqi/KxXA+kGoTbicO/7OxNOBmFbI4z3U3ACY5nt6uiWlg5SvhGkt748HA=="
		},
		"disposables": {
			"version": "1.0.2",
			"resolved": "https://registry.npmjs.org/disposables/-/disposables-1.0.2.tgz",
			"integrity": "sha1-NsamdEdfVaLWkTVnpgFETkh7S24="
		},
		"dnd-core": {
			"version": "2.6.0",
			"resolved": "https://registry.npmjs.org/dnd-core/-/dnd-core-2.6.0.tgz",
			"integrity": "sha1-ErrWbVh0LG5ffPKUP7aFlED4CcQ=",
			"requires": {
				"asap": "^2.0.6",
				"invariant": "^2.0.0",
				"lodash": "^4.2.0",
				"redux": "^3.7.1"
			},
			"dependencies": {
				"redux": {
					"version": "3.7.2",
					"resolved": "https://registry.npmjs.org/redux/-/redux-3.7.2.tgz",
					"integrity": "sha512-pNqnf9q1hI5HHZRBkj3bAngGZW/JMCmexDlOxw4XagXY2o1327nHH54LoTjiPJ0gizoqPDRqWyX/00g0hD6w+A==",
					"requires": {
						"lodash": "^4.2.1",
						"lodash-es": "^4.2.1",
						"loose-envify": "^1.1.0",
						"symbol-observable": "^1.0.3"
					}
				}
			}
		},
		"dom-walk": {
			"version": "0.1.1",
			"resolved": "https://registry.npmjs.org/dom-walk/-/dom-walk-0.1.1.tgz",
			"integrity": "sha1-ZyIm3HTI95mtNTB9+TaroRrNYBg="
		},
		"downshift": {
			"version": "1.31.16",
			"resolved": "https://registry.npmjs.org/downshift/-/downshift-1.31.16.tgz",
			"integrity": "sha512-RskXmiGSoz0EHAyBrmTBGSLHg6+NYDGuLu2W3GpmuOe6hmZEWhCiQrq5g6DWzhnUaJD41xHbbfC6j1Fe86YqgA=="
		},
		"emoji-regex": {
			"version": "6.5.1",
			"resolved": "https://registry.npmjs.org/emoji-regex/-/emoji-regex-6.5.1.tgz",
			"integrity": "sha512-PAHp6TxrCy7MGMFidro8uikr+zlJJKJ/Q6mm2ExZ7HwkyR9lSVFfE3kt36qcwa24BQL7y0G9axycGjK1A/0uNQ=="
		},
		"encoding": {
			"version": "0.1.12",
			"resolved": "https://registry.npmjs.org/encoding/-/encoding-0.1.12.tgz",
			"integrity": "sha1-U4tm8+5izRq1HsMjgp0flIDHS+s=",
			"requires": {
				"iconv-lite": "~0.4.13"
			}
		},
		"error-stack-parser": {
			"version": "1.3.6",
			"resolved": "https://registry.npmjs.org/error-stack-parser/-/error-stack-parser-1.3.6.tgz",
			"integrity": "sha1-4Oc7k+QXE40c18C3RrGkoUhUwpI=",
			"requires": {
				"stackframe": "^0.3.1"
			}
		},
		"exenv": {
			"version": "1.2.2",
			"resolved": "https://registry.npmjs.org/exenv/-/exenv-1.2.2.tgz",
			"integrity": "sha1-KueOhdmJQVhnCwPUe+wfA72Ru50="
		},
		"fbjs": {
			"version": "0.8.17",
			"resolved": "https://registry.npmjs.org/fbjs/-/fbjs-0.8.17.tgz",
			"integrity": "sha1-xNWY6taUkRJlPWWIsBpc3Nn5D90=",
			"requires": {
				"core-js": "^1.0.0",
				"isomorphic-fetch": "^2.1.1",
				"loose-envify": "^1.0.0",
				"object-assign": "^4.1.0",
				"promise": "^7.1.1",
				"setimmediate": "^1.0.5",
				"ua-parser-js": "^0.7.18"
			},
			"dependencies": {
				"core-js": {
					"version": "1.2.7",
					"resolved": "https://registry.npmjs.org/core-js/-/core-js-1.2.7.tgz",
					"integrity": "sha1-ZSKUwUZR2yj6k70tX/KYOk8IxjY="
				}
			}
		},
		"fuzzaldrin-plus": {
			"version": "0.5.0",
			"resolved": "https://registry.npmjs.org/fuzzaldrin-plus/-/fuzzaldrin-plus-0.5.0.tgz",
			"integrity": "sha1-718m8ML8fp6aFuoUmoAtbLSASx4="
		},
		"get-node-dimensions": {
			"version": "1.2.1",
			"resolved": "https://registry.npmjs.org/get-node-dimensions/-/get-node-dimensions-1.2.1.tgz",
			"integrity": "sha512-2MSPMu7S1iOTL+BOa6K1S62hB2zUAYNF/lV0gSVlOaacd087lc6nR1H1r0e3B1CerTo+RceOmi1iJW+vp21xcQ=="
		},
		"global": {
			"version": "4.3.2",
			"resolved": "https://registry.npmjs.org/global/-/global-4.3.2.tgz",
			"integrity": "sha1-52mJJopsdMOJCLEwWxD8DjlOnQ8=",
			"requires": {
				"min-document": "^2.19.0",
				"process": "~0.5.1"
			}
		},
		"history": {
			"version": "4.7.2",
			"resolved": "https://registry.npmjs.org/history/-/history-4.7.2.tgz",
			"integrity": "sha512-1zkBRWW6XweO0NBcjiphtVJVsIQ+SXF29z9DVkceeaSLVMFXHool+fdCZD4spDCfZJCILPILc3bm7Bc+HRi0nA==",
			"requires": {
				"invariant": "^2.2.1",
				"loose-envify": "^1.2.0",
				"resolve-pathname": "^2.2.0",
				"value-equal": "^0.4.0",
				"warning": "^3.0.0"
			}
		},
		"hoist-non-react-statics": {
			"version": "2.5.5",
			"resolved": "https://registry.npmjs.org/hoist-non-react-statics/-/hoist-non-react-statics-2.5.5.tgz",
			"integrity": "sha512-rqcy4pJo55FTTLWt+bU8ukscqHeE/e9KWvsOW2b/a3afxQZhwkQdT1rPPCJ0rYXdj4vNcasY8zHTH+jF/qStxw=="
		},
		"humanize-duration": {
			"version": "3.15.0",
			"resolved": "https://registry.npmjs.org/humanize-duration/-/humanize-duration-3.15.0.tgz",
			"integrity": "sha512-FTR8w/wZhj4AJkao99vMqCMRwE1j7q0JI+JjQBe6C26LRgg9JLgmXbr9VvBYi3/wx8WVC2ge+eNJ/ZG5nM5whg=="
		},
		"hyphenate-style-name": {
			"version": "1.0.2",
			"resolved": "https://registry.npmjs.org/hyphenate-style-name/-/hyphenate-style-name-1.0.2.tgz",
			"integrity": "sha1-MRYKNpMK2vH8BMYHT360FGXU7Es="
		},
		"iconv-lite": {
			"version": "0.4.23",
			"resolved": "https://registry.npmjs.org/iconv-lite/-/iconv-lite-0.4.23.tgz",
			"integrity": "sha512-neyTUVFtahjf0mB3dZT77u+8O0QB89jFdnBkd5P1JgYPbPaia3gXXOVL2fq8VyU2gMMD7SaN7QukTB/pmXYvDA==",
			"requires": {
				"safer-buffer": ">= 2.1.2 < 3"
			}
		},
		"inline-style-prefixer": {
			"version": "3.0.8",
			"resolved": "https://registry.npmjs.org/inline-style-prefixer/-/inline-style-prefixer-3.0.8.tgz",
			"integrity": "sha1-hVG45bTVcyROZqNLBPfTIHaitTQ=",
			"requires": {
				"bowser": "^1.7.3",
				"css-in-js-utils": "^2.0.0"
			}
		},
		"invariant": {
			"version": "2.2.4",
			"resolved": "https://registry.npmjs.org/invariant/-/invariant-2.2.4.tgz",
			"integrity": "sha512-phJfQVBuaJM5raOpJjSfkiD6BpbCE4Ns//LaXl6wGYtUBY83nWS6Rf9tXm2e8VaK60JEjYldbPif/A2B1C2gNA==",
			"requires": {
				"loose-envify": "^1.0.0"
			}
		},
		"is-stream": {
			"version": "1.1.0",
			"resolved": "https://registry.npmjs.org/is-stream/-/is-stream-1.1.0.tgz",
			"integrity": "sha1-EtSj3U5o4Lec6428hBc66A2RykQ="
		},
		"isarray": {
			"version": "0.0.1",
			"resolved": "https://registry.npmjs.org/isarray/-/isarray-0.0.1.tgz",
			"integrity": "sha1-ihis/Kmo9Bd+Cav8YDiTmwXR7t8="
		},
		"isobject": {
			"version": "3.0.1",
			"resolved": "https://registry.npmjs.org/isobject/-/isobject-3.0.1.tgz",
			"integrity": "sha1-TkMekrEalzFjaqH5yNHMvP2reN8="
		},
		"isomorphic-fetch": {
			"version": "2.2.1",
			"resolved": "https://registry.npmjs.org/isomorphic-fetch/-/isomorphic-fetch-2.2.1.tgz",
			"integrity": "sha1-YRrhrPFPXoH3KVB0coGf6XM1WKk=",
			"requires": {
				"node-fetch": "^1.0.1",
				"whatwg-fetch": ">=0.10.0"
			}
		},
		"js-tokens": {
			"version": "3.0.2",
			"resolved": "https://registry.npmjs.org/js-tokens/-/js-tokens-3.0.2.tgz",
			"integrity": "sha1-mGbfOVECEw449/mWvOtlRDIJwls="
		},
		"lodash": {
			"version": "4.17.10",
			"resolved": "https://registry.npmjs.org/lodash/-/lodash-4.17.10.tgz",
			"integrity": "sha512-UejweD1pDoXu+AD825lWwp4ZGtSwgnpZxb3JDViD7StjQz+Nb/6l093lx4OQ0foGWNRoc19mWy7BzL+UAK2iVg=="
		},
		"lodash-es": {
			"version": "4.17.10",
			"resolved": "https://registry.npmjs.org/lodash-es/-/lodash-es-4.17.10.tgz",
			"integrity": "sha512-iesFYPmxYYGTcmQK0sL8bX3TGHyM6b2qREaB4kamHfQyfPJP0xgoGxp19nsH16nsfquLdiyKyX3mQkfiSGV8Rg=="
		},
		"loose-envify": {
			"version": "1.3.1",
			"resolved": "https://registry.npmjs.org/loose-envify/-/loose-envify-1.3.1.tgz",
			"integrity": "sha1-0aitM/qc4OcT1l/dCsi3SNR4yEg=",
			"requires": {
				"js-tokens": "^3.0.0"
			}
		},
		"match-sorter": {
			"version": "2.2.3",
			"resolved": "https://registry.npmjs.org/match-sorter/-/match-sorter-2.2.3.tgz",
			"integrity": "sha512-+ny3ZRXOE4lNSb+NJpAdvkYRyAVMWVWl9RoV/c6XCNmndIqzlBIVd8GwLcmBsb8BZc7Yj7z5WoDWUzC4qqld+A==",
			"requires": {
				"diacritic": "0.0.2"
			},
			"dependencies": {
				"diacritic": {
					"version": "0.0.2",
					"bundled": true
				}
			}
		},
		"material-colors": {
			"version": "1.2.6",
			"resolved": "https://registry.npmjs.org/material-colors/-/material-colors-1.2.6.tgz",
			"integrity": "sha512-6qE4B9deFBIa9YSpOc9O0Sgc43zTeVYbgDT5veRKSlB2+ZuHNoVVxA1L/ckMUayV9Ay9y7Z/SZCLcGteW9i7bg=="
		},
		"min-document": {
			"version": "2.19.0",
			"resolved": "https://registry.npmjs.org/min-document/-/min-document-2.19.0.tgz",
			"integrity": "sha1-e9KC4/WELtKVu3SM3Z8f+iyCRoU=",
			"requires": {
				"dom-walk": "^0.1.0"
			}
		},
		"minimatch": {
			"version": "3.0.4",
			"resolved": "https://registry.npmjs.org/minimatch/-/minimatch-3.0.4.tgz",
			"integrity": "sha512-yJHVQEhyqPLUTgt9B83PXu6W3rx4MvvHvSUvToogpwoGDOUQ+yDrR0HRot+yOCdCO7u4hX3pWft6kWBBcqh0UA==",
			"requires": {
				"brace-expansion": "^1.1.7"
			}
		},
		"node-fetch": {
			"version": "1.7.3",
			"resolved": "https://registry.npmjs.org/node-fetch/-/node-fetch-1.7.3.tgz",
			"integrity": "sha512-NhZ4CsKx7cYm2vSrBAr2PvFOe6sWDf0UYLRqA6svUYg7+/TSfVAu49jYC4BvQ4Sms9SZgdqGBgroqfDhJdTyKQ==",
			"requires": {
				"encoding": "^0.1.11",
				"is-stream": "^1.0.1"
			}
		},
		"object-assign": {
			"version": "4.1.1",
			"resolved": "https://registry.npmjs.org/object-assign/-/object-assign-4.1.1.tgz",
			"integrity": "sha1-IQmtx5ZYh8/AXLvUQsrIv7s2CGM="
		},
		"path-to-regexp": {
			"version": "1.7.0",
			"resolved": "https://registry.npmjs.org/path-to-regexp/-/path-to-regexp-1.7.0.tgz",
			"integrity": "sha1-Wf3g9DW62suhA6hOnTvGTpa5k30=",
			"requires": {
				"isarray": "0.0.1"
			}
		},
		"phoenix": {
			"version": "1.3.0",
			"resolved": "https://registry.npmjs.org/phoenix/-/phoenix-1.3.0.tgz",
			"integrity": "sha512-g1I6kJKTQx7wGsJCc2b1RfXeHUfITTV5kdqJPFoqmrGDfFEKQIrQkkBtv8QeJ0s1iN9+vvryrQLv+4SfmH/wqg=="
		},
		"process": {
			"version": "0.5.2",
			"resolved": "https://registry.npmjs.org/process/-/process-0.5.2.tgz",
			"integrity": "sha1-FjjYqONML0QKkduVq5rrZ3/Bhc8="
		},
		"promise": {
			"version": "7.3.1",
			"resolved": "https://registry.npmjs.org/promise/-/promise-7.3.1.tgz",
			"integrity": "sha512-nolQXZ/4L+bP/UGlkfaIujX9BKxGwmQ9OT4mOt5yvy8iK1h3wqTEJCijzGANTCCl9nWjY41juyAn2K3Q1hLLTg==",
			"requires": {
				"asap": "~2.0.3"
			}
		},
		"prop-types": {
			"version": "15.6.2",
			"resolved": "https://registry.npmjs.org/prop-types/-/prop-types-15.6.2.tgz",
			"integrity": "sha512-3pboPvLiWD7dkI3qf3KbUe6hKFKa52w+AE0VCqECtf+QHAKgOL37tTaNCnuX1nAAQ4ZhyP+kYVKf8rLmJ/feDQ==",
			"requires": {
				"loose-envify": "^1.3.1",
				"object-assign": "^4.1.1"
			}
		},
		"react-color": {
			"version": "2.14.1",
			"resolved": "https://registry.npmjs.org/react-color/-/react-color-2.14.1.tgz",
			"integrity": "sha512-ssv2ArSZdhTbIs29hyfw8JW+s3G4BCx/ILkwCajWZzrcx/2ZQfRpsaLVt38LAPbxe50LLszlmGtRerA14JzzRw==",
			"requires": {
				"lodash": "^4.0.1",
				"material-colors": "^1.2.1",
				"prop-types": "^15.5.10",
				"reactcss": "^1.2.0",
				"tinycolor2": "^1.4.1"
			}
		},
		"react-commander": {
			"version": "0.0.2",
			"resolved": "https://registry.npmjs.org/react-commander/-/react-commander-0.0.2.tgz",
			"integrity": "sha512-nK8+P4bOAS1RE4W+Bv68TJs/F1ngE0fD8C7tlWUPP9beHX9fH1ivHKkgRYlxhz/CsP7+gceTb3n7rzRI+EyGJQ=="
		},
		"react-contexify": {
			"version": "3.0.1",
			"resolved": "https://registry.npmjs.org/react-contexify/-/react-contexify-3.0.1.tgz",
			"integrity": "sha512-QowQ51HP3kSIfI6GfW72lDA8sXvw4bvsSBzhDHhc0rHnR/r3sr70Hh8cPChYPuz+GgUyGqgcHo71rZHwaHwjGQ==",
			"requires": {
				"classnames": "^2.2.5",
				"prop-types": "^15.6.0"
			}
		},
		"react-deep-force-update": {
			"version": "2.1.1",
			"resolved": "https://registry.npmjs.org/react-deep-force-update/-/react-deep-force-update-2.1.1.tgz",
			"integrity": "sha1-jqQmPNZFWgULN0RbPwj9g52G6Qk="
		},
		"react-dnd": {
			"version": "2.6.0",
			"resolved": "https://registry.npmjs.org/react-dnd/-/react-dnd-2.6.0.tgz",
			"integrity": "sha1-f6JWds+CfViokSk+PBq1naACVFo=",
			"requires": {
				"disposables": "^1.0.1",
				"dnd-core": "^2.6.0",
				"hoist-non-react-statics": "^2.1.0",
				"invariant": "^2.1.0",
				"lodash": "^4.2.0",
				"prop-types": "^15.5.10"
			}
		},
		"react-dnd-html5-backend": {
			"version": "2.6.0",
			"resolved": "https://registry.npmjs.org/react-dnd-html5-backend/-/react-dnd-html5-backend-2.6.0.tgz",
			"integrity": "sha1-WQzRzKeEQbsnTt1XH+9MCxbdz44=",
			"requires": {
				"lodash": "^4.2.0"
			}
		},
		"react-draggable": {
			"version": "3.0.5",
			"resolved": "https://registry.npmjs.org/react-draggable/-/react-draggable-3.0.5.tgz",
			"integrity": "sha512-qo76q6+pafyGllbmfc+CgWfOkwY9v3UoJa3jp6xG2vdsRY8uJTN1kqNievLj0uVNjEqCvZ0OFiEBxlAJNj3OTg==",
			"requires": {
				"classnames": "^2.2.5",
				"prop-types": "^15.6.0"
			}
		},
		"react-hot-loader": {
			"version": "3.1.3",
			"resolved": "https://registry.npmjs.org/react-hot-loader/-/react-hot-loader-3.1.3.tgz",
			"integrity": "sha512-d7nZf78irxoGN5PY4zd6CSgZiroOhvIWzRast3qwTn4sSnBwlt08kV8WMQ9mitmxEdlCTwZt+5ClrRSjxWguMQ==",
			"requires": {
				"global": "^4.3.0",
				"react-deep-force-update": "^2.1.1",
				"react-proxy": "^3.0.0-alpha.0",
				"redbox-react": "^1.3.6",
				"source-map": "^0.6.1"
			}
		},
		"react-lifecycles-compat": {
			"version": "3.0.4",
			"resolved": "https://registry.npmjs.org/react-lifecycles-compat/-/react-lifecycles-compat-3.0.4.tgz",
			"integrity": "sha512-fBASbA6LnOU9dOU2eW7aQ8xmYBSXUIWr+UmF9b1efZBazGNO+rcXT/icdKnYm2pTwcRylVUYwW7H1PHfLekVzA=="
		},
		"react-measure": {
			"version": "2.1.0",
			"resolved": "https://registry.npmjs.org/react-measure/-/react-measure-2.1.0.tgz",
			"integrity": "sha512-nHdoq1eTbGVg/jWWAEtxXSHH51j09d1nPabj6PwS+pNSCYYf1H5XLMfcfU2ZTnkDU/Xg0fGY79Xud2Gsp3VsmQ==",
			"requires": {
				"get-node-dimensions": "^1.2.0",
				"prop-types": "^15.5.10",
				"resize-observer-polyfill": "^1.4.2"
			}
		},
		"react-modal": {
			"version": "3.4.5",
			"resolved": "https://registry.npmjs.org/react-modal/-/react-modal-3.4.5.tgz",
			"integrity": "sha512-fYaGmsvt4z5voC2Bl/9ngIWES4BSRYgGnTljMwuzTuYZ1BBpaZbnXia8xlvj7mF0kg3aPV+5APjZRiMfRG6vyA==",
			"requires": {
				"exenv": "^1.2.0",
				"prop-types": "^15.5.10",
				"react-lifecycles-compat": "^3.0.0",
				"warning": "^3.0.0"
			}
		},
		"react-proxy": {
			"version": "3.0.0-alpha.1",
			"resolved": "https://registry.npmjs.org/react-proxy/-/react-proxy-3.0.0-alpha.1.tgz",
			"integrity": "sha1-RABCa8+oDKpnJMd1VpUxUgn6Swc=",
			"requires": {
				"lodash": "^4.6.1"
			}
		},
		"react-redux": {
			"version": "5.0.7",
			"resolved": "https://registry.npmjs.org/react-redux/-/react-redux-5.0.7.tgz",
			"integrity": "sha512-5VI8EV5hdgNgyjfmWzBbdrqUkrVRKlyTKk1sGH3jzM2M2Mhj/seQgPXaz6gVAj2lz/nz688AdTqMO18Lr24Zhg==",
			"requires": {
				"hoist-non-react-statics": "^2.5.0",
				"invariant": "^2.0.0",
				"lodash": "^4.17.5",
				"lodash-es": "^4.17.5",
				"loose-envify": "^1.1.0",
				"prop-types": "^15.6.0"
			}
		},
		"react-router": {
			"version": "4.3.1",
			"resolved": "https://registry.npmjs.org/react-router/-/react-router-4.3.1.tgz",
			"integrity": "sha512-yrvL8AogDh2X42Dt9iknk4wF4V8bWREPirFfS9gLU1huk6qK41sg7Z/1S81jjTrGHxa3B8R3J6xIkDAA6CVarg==",
			"requires": {
				"history": "^4.7.2",
				"hoist-non-react-statics": "^2.5.0",
				"invariant": "^2.2.4",
				"loose-envify": "^1.3.1",
				"path-to-regexp": "^1.7.0",
				"prop-types": "^15.6.1",
				"warning": "^4.0.1"
			},
			"dependencies": {
				"warning": {
					"version": "4.0.1",
					"resolved": "https://registry.npmjs.org/warning/-/warning-4.0.1.tgz",
					"integrity": "sha512-rAVtTNZw+cQPjvGp1ox0XC5Q2IBFyqoqh+QII4J/oguyu83Bax1apbo2eqB8bHRS+fqYUBagys6lqUoVwKSmXQ==",
					"requires": {
						"loose-envify": "^1.0.0"
					}
				}
			}
		},
		"react-router-dom": {
			"version": "4.3.1",
			"resolved": "https://registry.npmjs.org/react-router-dom/-/react-router-dom-4.3.1.tgz",
			"integrity": "sha512-c/MlywfxDdCp7EnB7YfPMOfMD3tOtIjrQlj/CKfNMBxdmpJP8xcz5P/UAFn3JbnQCNUxsHyVVqllF9LhgVyFCA==",
			"requires": {
				"history": "^4.7.2",
				"invariant": "^2.2.4",
				"loose-envify": "^1.3.1",
				"prop-types": "^15.6.1",
				"react-router": "^4.3.1",
				"warning": "^4.0.1"
			},
			"dependencies": {
				"warning": {
					"version": "4.0.1",
					"resolved": "https://registry.npmjs.org/warning/-/warning-4.0.1.tgz",
					"integrity": "sha512-rAVtTNZw+cQPjvGp1ox0XC5Q2IBFyqoqh+QII4J/oguyu83Bax1apbo2eqB8bHRS+fqYUBagys6lqUoVwKSmXQ==",
					"requires": {
						"loose-envify": "^1.0.0"
					}
				}
			}
		},
		"react-router-redux": {
			"version": "5.0.0-alpha.9",
			"resolved": "https://registry.npmjs.org/react-router-redux/-/react-router-redux-5.0.0-alpha.9.tgz",
			"integrity": "sha512-euSgNIANnRXr4GydIuwA7RZCefrLQzIw5WdXspS8NPYbV+FxrKSS9MKG7U9vb6vsKHONnA4VxrVNWfnMUnUQAw==",
			"requires": {
				"history": "^4.7.2",
				"prop-types": "^15.6.0",
				"react-router": "^4.2.0"
			}
		},
		"react-split-pane": {
			"version": "0.1.81",
			"resolved": "https://registry.npmjs.org/react-split-pane/-/react-split-pane-0.1.81.tgz",
			"integrity": "sha512-UMOFL4UtZ2L9zgu6L+f5zxWFbL9R6lMxNKrN28jLdK2j544haldNUTVZT3SuvolTqm1Hdl/QhhFGFuq9Y+/37A==",
			"requires": {
				"inline-style-prefixer": "^3.0.6",
				"prop-types": "^15.5.10",
				"react-lifecycles-compat": "^3.0.4",
				"react-style-proptype": "^3.0.0"
			}
		},
		"react-style-proptype": {
			"version": "3.2.1",
			"resolved": "https://registry.npmjs.org/react-style-proptype/-/react-style-proptype-3.2.1.tgz",
			"integrity": "sha512-Z02QsgmdZ4wYNxJsHhNGGZsIF8+MO93fYmdPaC+ljdqX3rq8tl/fSMXOGBbofGJNzq5W/2LFcONllmV6vzyYHA==",
			"requires": {
				"prop-types": "^15.5.4"
			}
		},
		"reactcss": {
			"version": "1.2.3",
			"resolved": "https://registry.npmjs.org/reactcss/-/reactcss-1.2.3.tgz",
			"integrity": "sha512-KiwVUcFu1RErkI97ywr8nvx8dNOpT03rbnma0SSalTYjkrPYaEajR4a/MRt6DZ46K6arDRbWMNHF+xH7G7n/8A==",
			"requires": {
				"lodash": "^4.0.1"
			}
		},
		"recompose": {
			"version": "0.25.1",
			"resolved": "https://registry.npmjs.org/recompose/-/recompose-0.25.1.tgz",
			"integrity": "sha512-EwFAv6UBrHbLIsIKHUZJ+BKdjTmyEsIrRlGO3R7PKu0S7hkgNznVDRvb+1upQUntURtBvxhYnTVQ3AcWOlsmWA==",
			"requires": {
				"change-emitter": "^0.1.2",
				"fbjs": "^0.8.1",
				"hoist-non-react-statics": "^2.3.1",
				"symbol-observable": "^1.0.4"
			}
		},
		"redbox-react": {
			"version": "1.6.0",
			"resolved": "https://registry.npmjs.org/redbox-react/-/redbox-react-1.6.0.tgz",
			"integrity": "sha512-mLjM5eYR41yOp5YKHpd3syFeGq6B4Wj5vZr64nbLvTZW5ZLff4LYk7VE4ITpVxkZpCY6OZuqh0HiP3A3uEaCpg==",
			"requires": {
				"error-stack-parser": "^1.3.6",
				"object-assign": "^4.0.1",
				"prop-types": "^15.5.4",
				"sourcemapped-stacktrace": "^1.1.6"
			}
		},
		"redux": {
			"version": "4.0.0",
			"resolved": "https://registry.npmjs.org/redux/-/redux-4.0.0.tgz",
			"integrity": "sha512-NnnHF0h0WVE/hXyrB6OlX67LYRuaf/rJcbWvnHHEPCF/Xa/AZpwhs/20WyqzQae5x4SD2F9nPObgBh2rxAgLiA==",
			"requires": {
				"loose-envify": "^1.1.0",
				"symbol-observable": "^1.2.0"
			}
		},
		"redux-saga": {
			"version": "0.16.0",
			"resolved": "https://registry.npmjs.org/redux-saga/-/redux-saga-0.16.0.tgz",
			"integrity": "sha1-CiMdsKFIkwHdmA9vL4jYztQY9yQ="
		},
		"redux-thunk": {
			"version": "2.3.0",
			"resolved": "https://registry.npmjs.org/redux-thunk/-/redux-thunk-2.3.0.tgz",
			"integrity": "sha512-km6dclyFnmcvxhAcrQV2AkZmPQjzPDjgVlQtR0EQjxZPyJ0BnMf3in1ryuR8A2qU0HldVRfxYXbFSKlI3N7Slw=="
		},
		"regenerator-runtime": {
			"version": "0.11.1",
			"resolved": "https://registry.npmjs.org/regenerator-runtime/-/regenerator-runtime-0.11.1.tgz",
			"integrity": "sha512-MguG95oij0fC3QV3URf4V2SDYGJhJnJGqvIIgdECeODCT98wSWDAJ94SSuVpYQUoTcGUIL6L4yNB7j1DFFHSBg=="
		},
		"resize-observer-polyfill": {
			"version": "1.5.0",
			"resolved": "https://registry.npmjs.org/resize-observer-polyfill/-/resize-observer-polyfill-1.5.0.tgz",
			"integrity": "sha512-M2AelyJDVR/oLnToJLtuDJRBBWUGUvvGigj1411hXhAdyFWqMaqHp7TixW3FpiLuVaikIcR1QL+zqoJoZlOgpg=="
		},
		"resolve-pathname": {
			"version": "2.2.0",
			"resolved": "https://registry.npmjs.org/resolve-pathname/-/resolve-pathname-2.2.0.tgz",
			"integrity": "sha512-bAFz9ld18RzJfddgrO2e/0S2O81710++chRMUxHjXOYKF6jTAMrUNZrEZ1PvV0zlhfjidm08iRPdTLPno1FuRg=="
		},
		"rw": {
			"version": "1.3.3",
			"resolved": "https://registry.npmjs.org/rw/-/rw-1.3.3.tgz",
			"integrity": "sha1-P4Yt+pGrdmsUiF700BEkv9oHT7Q="
		},
		"safer-buffer": {
			"version": "2.1.2",
			"resolved": "https://registry.npmjs.org/safer-buffer/-/safer-buffer-2.1.2.tgz",
			"integrity": "sha512-YZo3K82SD7Riyi0E1EQPojLz7kpepnSQI9IyPbHHg1XXXevb5dJI7tpyN2ADxGcQbHG7vcyRHk0cbwqcQriUtg=="
		},
		"setimmediate": {
			"version": "1.0.5",
			"resolved": "https://registry.npmjs.org/setimmediate/-/setimmediate-1.0.5.tgz",
			"integrity": "sha1-KQy7Iy4waULX1+qbg3Mqt4VvgoU="
		},
		"source-map": {
			"version": "0.6.1",
			"resolved": "https://registry.npmjs.org/source-map/-/source-map-0.6.1.tgz",
			"integrity": "sha512-UjgapumWlbMhkBgzT7Ykc5YXUT46F0iKu8SGXq0bcwP5dz/h0Plj6enJqjz1Zbq2l5WaqYnrVbwWOWMyF3F47g=="
		},
		"sourcemapped-stacktrace": {
			"version": "1.1.8",
			"resolved": "https://registry.npmjs.org/sourcemapped-stacktrace/-/sourcemapped-stacktrace-1.1.8.tgz",
			"integrity": "sha512-OkVoI7GQOLl/laR1qsSo1c87tS8kF2VXhQq2SrQCDdXufBAcm8FgXogWso96ciMYoDtTw1Dn70CVdwYzoYs6Pg==",
			"requires": {
				"source-map": "0.5.6"
			},
			"dependencies": {
				"source-map": {
					"version": "0.5.6",
					"resolved": "https://registry.npmjs.org/source-map/-/source-map-0.5.6.tgz",
					"integrity": "sha1-dc449SvwczxafwwRjYEzSiu19BI="
				}
			}
		},
		"stackframe": {
			"version": "0.3.1",
			"resolved": "https://registry.npmjs.org/stackframe/-/stackframe-0.3.1.tgz",
			"integrity": "sha1-M6qE8Rd6VUjIk1Uzy/6zQgl19aQ="
		},
		"symbol-observable": {
			"version": "1.2.0",
			"resolved": "https://registry.npmjs.org/symbol-observable/-/symbol-observable-1.2.0.tgz",
			"integrity": "sha512-e900nM8RRtGhlV36KGEU9k65K3mPb1WV70OdjfxlG2EAuM1noi/E/BaW/uMhL7bPEssK8QV57vN3esixjUvcXQ=="
		},
		"tinycolor2": {
			"version": "1.4.1",
			"resolved": "https://registry.npmjs.org/tinycolor2/-/tinycolor2-1.4.1.tgz",
			"integrity": "sha1-9PrTM0R7wLB9TcjpIJ2POaisd+g="
		},
		"ua-parser-js": {
			"version": "0.7.18",
			"resolved": "https://registry.npmjs.org/ua-parser-js/-/ua-parser-js-0.7.18.tgz",
			"integrity": "sha512-LtzwHlVHwFGTptfNSgezHp7WUlwiqb0gA9AALRbKaERfxwJoiX0A73QbTToxteIAuIaFshhgIZfqK8s7clqgnA=="
		},
		"value-equal": {
			"version": "0.4.0",
			"resolved": "https://registry.npmjs.org/value-equal/-/value-equal-0.4.0.tgz",
			"integrity": "sha512-x+cYdNnaA3CxvMaTX0INdTCN8m8aF2uY9BvEqmxuYp8bL09cs/kWVQPVGcA35fMktdOsP69IgU7wFj/61dJHEw=="
		},
		"warning": {
			"version": "3.0.0",
			"resolved": "https://registry.npmjs.org/warning/-/warning-3.0.0.tgz",
			"integrity": "sha1-MuU3fLVy3kqwR1O9+IIcAe1gW3w=",
			"requires": {
				"loose-envify": "^1.0.0"
			}
		},
		"whatwg-fetch": {
			"version": "2.0.4",
			"resolved": "https://registry.npmjs.org/whatwg-fetch/-/whatwg-fetch-2.0.4.tgz",
			"integrity": "sha512-dcQ1GWpOD/eEQ97k66aiEVpNnapVj90/+R+SXTPYGHpYBBypfKJEQjLrvMZ7YXbKm21gXd4NcuxUTjiv1YtLng=="
		}
	}
}
